
Microsoft Visual Studio Solution File, Format Version 12.00
# Visual Studio Version 17
VisualStudioVersion = 17.0.31903.59
MinimumVisualStudioVersion = 10.0.40219.1
Project("{FAE04EC0-301F-11D3-BF4B-00C04F79EFBC}") = "frarClientServer", "frarClientServer\frarClientServer.csproj", "{7CBAAED2-4E6D-4066-B1B4-AB2DED59C691}"
EndProject
Project("{FAE04EC0-301F-11D3-BF4B-00C04F79EFBC}") = "frarClientServerTest", "frarClientServerTest\frarClientServerTest.csproj", "{104F37AB-0B46-447C-A307-1CA304279ED7}"
EndProject
Global
	GlobalSection(SolutionConfigurationPlatforms) = preSolution
		Debug|Any CPU = Debug|Any CPU
		Release|Any CPU = Release|Any CPU
	EndGlobalSection
	GlobalSection(SolutionProperties) = preSolution
		HideSolutionNode = FALSE
	EndGlobalSection
	GlobalSection(ProjectConfigurationPlatforms) = postSolution
		{7CBAAED2-4E6D-4066-B1B4-AB2DED59C691}.Debug|Any CPU.ActiveCfg = Debug|Any CPU
		{7CBAAED2-4E6D-4066-B1B4-AB2DED59C691}.Debug|Any CPU.Build.0 = Debug|Any CPU
		{7CBAAED2-4E6D-4066-B1B4-AB2DED59C691}.Release|Any CPU.ActiveCfg = Release|Any CPU
		{7CBAAED2-4E6D-4066-B1B4-AB2DED59C691}.Release|Any CPU.Build.0 = Release|Any CPU
		{104F37AB-0B46-447C-A307-1CA304279ED7}.Debug|Any CPU.ActiveCfg = Debug|Any CPU
		{104F37AB-0B46-447C-A307-1CA304279ED7}.Debug|Any CPU.Build.0 = Debug|Any CPU
		{104F37AB-0B46-447C-A307-1CA304279ED7}.Release|Any CPU.ActiveCfg = Release|Any CPU
		{104F37AB-0B46-447C-A307-1CA304279ED7}.Release|Any CPU.Build.0 = Release|Any CPU
	EndGlobalSection
EndGlobal
